
Microsoft Visual Studio Solution File, Format Version 12.00
# Visual Studio Version 17
VisualStudioVersion = 17.3.32825.248
MinimumVisualStudioVersion = 10.0.40219.1
Project("{FAE04EC0-301F-11D3-BF4B-00C04F79EFBC}") = "SimpleJWT", "SimpleJWT\SimpleJWT.csproj", "{1F75901F-BF6F-4241-BCF9-30A12AD1BFE9}"
EndProject
Global
	GlobalSection(SolutionConfigurationPlatforms) = preSolution
		Debug|Any CPU = Debug|Any CPU
		Release|Any CPU = Release|Any CPU
	EndGlobalSection
	GlobalSection(ProjectConfigurationPlatforms) = postSolution
		{1F75901F-BF6F-4241-BCF9-30A12AD1BFE9}.Debug|Any CPU.ActiveCfg = Debug|Any CPU
		{1F75901F-BF6F-4241-BCF9-30A12AD1BFE9}.Debug|Any CPU.Build.0 = Debug|Any CPU
		{1F75901F-BF6F-4241-BCF9-30A12AD1BFE9}.Release|Any CPU.ActiveCfg = Release|Any CPU
		{1F75901F-BF6F-4241-BCF9-30A12AD1BFE9}.Release|Any CPU.Build.0 = Release|Any CPU
	EndGlobalSection
	GlobalSection(SolutionProperties) = preSolution
		HideSolutionNode = FALSE
	EndGlobalSection
	GlobalSection(ExtensibilityGlobals) = postSolution
		SolutionGuid = {2290A737-7037-4EA0-A7F7-6A6590E4835B}
	EndGlobalSection
EndGlobal
